
Microsoft Visual Studio Solution File, Format Version 12.00
# Visual Studio Version 16
VisualStudioVersion = 16.0.31019.35
MinimumVisualStudioVersion = 10.0.40219.1
Project("{FAE04EC0-301F-11D3-BF4B-00C04F79EFBC}") = "Authentications_TEST", "Authentications_TEST\Authentications_TEST.csproj", "{18BB6430-A871-4F42-AB7D-6588AF7A5F04}"
EndProject
Global
	GlobalSection(SolutionConfigurationPlatforms) = preSolution
		Debug|Any CPU = Debug|Any CPU
		Release|Any CPU = Release|Any CPU
	EndGlobalSection
	GlobalSection(ProjectConfigurationPlatforms) = postSolution
		{18BB6430-A871-4F42-AB7D-6588AF7A5F04}.Debug|Any CPU.ActiveCfg = Debug|Any CPU
		{18BB6430-A871-4F42-AB7D-6588AF7A5F04}.Debug|Any CPU.Build.0 = Debug|Any CPU
		{18BB6430-A871-4F42-AB7D-6588AF7A5F04}.Release|Any CPU.ActiveCfg = Release|Any CPU
		{18BB6430-A871-4F42-AB7D-6588AF7A5F04}.Release|Any CPU.Build.0 = Release|Any CPU
	EndGlobalSection
	GlobalSection(SolutionProperties) = preSolution
		HideSolutionNode = FALSE
	EndGlobalSection
	GlobalSection(ExtensibilityGlobals) = postSolution
		SolutionGuid = {B1FBA46B-63D8-41C5-A803-695CF9302B67}
	EndGlobalSection
EndGlobal
